// !$*UTF8*$!
{
	archiveVersion = 1;
	classes = {
	};
	objectVersion = 51;
	objects = {

/* Begin PBXBuildFile section */
		C83EE2F6A3B334C43E8F01FA /* libPods-Ohmicity Backend.a in Frameworks */ = {isa = PBXBuildFile; fileRef = 26ECA2BD6C3C38F1513A7428 /* libPods-Ohmicity Backend.a */; };
		D8092A0F26681C0000560A97 /* Venue.swift in Sources */ = {isa = PBXBuildFile; fileRef = D8092A0E26681C0000560A97 /* Venue.swift */; };
		D8092A1226682D4E00560A97 /* User.swift in Sources */ = {isa = PBXBuildFile; fileRef = D8092A1126682D4E00560A97 /* User.swift */; };
		D83B32CD267A5D800065948E /* ImageController.swift in Sources */ = {isa = PBXBuildFile; fileRef = D83B32CC267A5D800065948E /* ImageController.swift */; };
		D851048E267BCBA1002365F6 /* Pods_Ohmicity_Backend.framework in Embed Frameworks */ = {isa = PBXBuildFile; fileRef = 0510E24CFF24417E831AB32A /* Pods_Ohmicity_Backend.framework */; settings = {ATTRIBUTES = (CodeSignOnCopy, RemoveHeadersOnCopy, ); }; };
		D85AC754267BB02B00CEA95B /* RemoteDataController.swift in Sources */ = {isa = PBXBuildFile; fileRef = D85AC753267BB02B00CEA95B /* RemoteDataController.swift */; };
		D85F3D1D267CF2FC001BCFCA /* FireStoreReferenceManager.swift in Sources */ = {isa = PBXBuildFile; fileRef = D85F3D1C267CF2FC001BCFCA /* FireStoreReferenceManager.swift */; };
		F610AA3A2669309100EC2E8A /* VenueDetailViewController.swift in Sources */ = {isa = PBXBuildFile; fileRef = F610AA382669309100EC2E8A /* VenueDetailViewController.swift */; };
		F610AA3F26699EE700EC2E8A /* LocalDataStorageController.swift in Sources */ = {isa = PBXBuildFile; fileRef = F610AA3E26699EE700EC2E8A /* LocalDataStorageController.swift */; };
		F615064B268E67E200C4B808 /* Ohmicity Logo Banner.png in Resources */ = {isa = PBXBuildFile; fileRef = F615064A268E67E200C4B808 /* Ohmicity Logo Banner.png */; };
		F615064D268E680B00C4B808 /* 1200px-American_Heart_Association_Logo.svg.png in Resources */ = {isa = PBXBuildFile; fileRef = F615064C268E680B00C4B808 /* 1200px-American_Heart_Association_Logo.svg.png */; };
		F630FC0726583E5A001D0DA6 /* RawJSON.swift in Sources */ = {isa = PBXBuildFile; fileRef = F630FC0626583E5A001D0DA6 /* RawJSON.swift */; };
		F655439F2689ABA300F823BA /* GoogleService-Info.plist in Resources */ = {isa = PBXBuildFile; fileRef = F655439E2689ABA300F823BA /* GoogleService-Info.plist */; };
		F6578F4A268D032E00AC25CE /* BusinessPhoto.swift in Sources */ = {isa = PBXBuildFile; fileRef = F6578F48268D032E00AC25CE /* BusinessPhoto.swift */; };
		F6578F4B268D032E00AC25CE /* BusinessPhoto.xib in Resources */ = {isa = PBXBuildFile; fileRef = F6578F49268D032E00AC25CE /* BusinessPhoto.xib */; };
		F65B06A4266C360F00616BD9 /* BandDetailViewController.swift in Sources */ = {isa = PBXBuildFile; fileRef = F65B06A2266C360F00616BD9 /* BandDetailViewController.swift */; };
		F65B06A9266C3EC300616BD9 /* ShowDetailViewController.swift in Sources */ = {isa = PBXBuildFile; fileRef = F65B06A7266C3EC300616BD9 /* ShowDetailViewController.swift */; };
		F65B06AD266C95AF00616BD9 /* Helper.swift in Sources */ = {isa = PBXBuildFile; fileRef = F65B06AC266C95AF00616BD9 /* Helper.swift */; };
		F6A2D74F2656F05900C50456 /* MainViewController.swift in Sources */ = {isa = PBXBuildFile; fileRef = F6A2D74D2656F05900C50456 /* MainViewController.swift */; };
		F6A2D7502656F05900C50456 /* MainViewController.xib in Resources */ = {isa = PBXBuildFile; fileRef = F6A2D74E2656F05900C50456 /* MainViewController.xib */; };
		F6C31F552656E57B004A1BB2 /* AppDelegate.swift in Sources */ = {isa = PBXBuildFile; fileRef = F6C31F542656E57B004A1BB2 /* AppDelegate.swift */; };
		F6C31F592656E57B004A1BB2 /* Assets.xcassets in Resources */ = {isa = PBXBuildFile; fileRef = F6C31F582656E57B004A1BB2 /* Assets.xcassets */; };
		F6C31F5C2656E57B004A1BB2 /* Main.storyboard in Resources */ = {isa = PBXBuildFile; fileRef = F6C31F5A2656E57B004A1BB2 /* Main.storyboard */; };
		F6C5930C26585F1A000E0245 /* ParseDataController.swift in Sources */ = {isa = PBXBuildFile; fileRef = F6C5930B26585F1A000E0245 /* ParseDataController.swift */; };
		F6D80C44266AF93200A18ED2 /* Band.swift in Sources */ = {isa = PBXBuildFile; fileRef = F6D80C43266AF93200A18ED2 /* Band.swift */; };
		F6D80C4B266B0FEF00A18ED2 /* Show.swift in Sources */ = {isa = PBXBuildFile; fileRef = F6D80C4A266B0FEF00A18ED2 /* Show.swift */; };
		F6F11E8C267FEAFD00E6368A /* Podfile in Resources */ = {isa = PBXBuildFile; fileRef = F6F11E8B267FEAFD00E6368A /* Podfile */; };
/* End PBXBuildFile section */

/* Begin PBXCopyFilesBuildPhase section */
		D851048F267BCBA1002365F6 /* Embed Frameworks */ = {
			isa = PBXCopyFilesBuildPhase;
			buildActionMask = 2147483647;
			dstPath = "";
			dstSubfolderSpec = 10;
			files = (
				D851048E267BCBA1002365F6 /* Pods_Ohmicity_Backend.framework in Embed Frameworks */,
			);
			name = "Embed Frameworks";
			runOnlyForDeploymentPostprocessing = 0;
		};
/* End PBXCopyFilesBuildPhase section */

/* Begin PBXFileReference section */
		0510E24CFF24417E831AB32A /* Pods_Ohmicity_Backend.framework */ = {isa = PBXFileReference; explicitFileType = wrapper.framework; includeInIndex = 0; path = Pods_Ohmicity_Backend.framework; sourceTree = BUILT_PRODUCTS_DIR; };
		26ECA2BD6C3C38F1513A7428 /* libPods-Ohmicity Backend.a */ = {isa = PBXFileReference; explicitFileType = archive.ar; includeInIndex = 0; path = "libPods-Ohmicity Backend.a"; sourceTree = BUILT_PRODUCTS_DIR; };
		74DF8D66E225A721CD277204 /* Pods-Ohmicity Backend.debug.xcconfig */ = {isa = PBXFileReference; includeInIndex = 1; lastKnownFileType = text.xcconfig; name = "Pods-Ohmicity Backend.debug.xcconfig"; path = "Target Support Files/Pods-Ohmicity Backend/Pods-Ohmicity Backend.debug.xcconfig"; sourceTree = "<group>"; };
		D756B91D473B0E99A41EF7C5 /* Pods-Ohmicity Backend.release.xcconfig */ = {isa = PBXFileReference; includeInIndex = 1; lastKnownFileType = text.xcconfig; name = "Pods-Ohmicity Backend.release.xcconfig"; path = "Target Support Files/Pods-Ohmicity Backend/Pods-Ohmicity Backend.release.xcconfig"; sourceTree = "<group>"; };
		D8092A0E26681C0000560A97 /* Venue.swift */ = {isa = PBXFileReference; lastKnownFileType = sourcecode.swift; path = Venue.swift; sourceTree = "<group>"; };
		D8092A1126682D4E00560A97 /* User.swift */ = {isa = PBXFileReference; lastKnownFileType = sourcecode.swift; path = User.swift; sourceTree = "<group>"; };
		D83B32CC267A5D800065948E /* ImageController.swift */ = {isa = PBXFileReference; lastKnownFileType = sourcecode.swift; path = ImageController.swift; sourceTree = "<group>"; };
		D85AC753267BB02B00CEA95B /* RemoteDataController.swift */ = {isa = PBXFileReference; lastKnownFileType = sourcecode.swift; path = RemoteDataController.swift; sourceTree = "<group>"; };
		D85F3D1C267CF2FC001BCFCA /* FireStoreReferenceManager.swift */ = {isa = PBXFileReference; lastKnownFileType = sourcecode.swift; path = FireStoreReferenceManager.swift; sourceTree = "<group>"; };
		F610AA382669309100EC2E8A /* VenueDetailViewController.swift */ = {isa = PBXFileReference; lastKnownFileType = sourcecode.swift; path = VenueDetailViewController.swift; sourceTree = "<group>"; };
		F610AA3E26699EE700EC2E8A /* LocalDataStorageController.swift */ = {isa = PBXFileReference; lastKnownFileType = sourcecode.swift; path = LocalDataStorageController.swift; sourceTree = "<group>"; };
		F615064A268E67E200C4B808 /* Ohmicity Logo Banner.png */ = {isa = PBXFileReference; lastKnownFileType = image.png; path = "Ohmicity Logo Banner.png"; sourceTree = "<group>"; };
		F615064C268E680B00C4B808 /* 1200px-American_Heart_Association_Logo.svg.png */ = {isa = PBXFileReference; lastKnownFileType = image.png; path = "1200px-American_Heart_Association_Logo.svg.png"; sourceTree = "<group>"; };
		F6292DD52656F58000DAE6B5 /* PythonTests.playground */ = {isa = PBXFileReference; lastKnownFileType = file.playground; path = PythonTests.playground; sourceTree = "<group>"; xcLanguageSpecificationIdentifier = xcode.lang.swift; };
		F630FC0626583E5A001D0DA6 /* RawJSON.swift */ = {isa = PBXFileReference; lastKnownFileType = sourcecode.swift; path = RawJSON.swift; sourceTree = "<group>"; };
		F655439E2689ABA300F823BA /* GoogleService-Info.plist */ = {isa = PBXFileReference; fileEncoding = 4; lastKnownFileType = text.plist.xml; path = "GoogleService-Info.plist"; sourceTree = "<group>"; };
		F6578F48268D032E00AC25CE /* BusinessPhoto.swift */ = {isa = PBXFileReference; lastKnownFileType = sourcecode.swift; path = BusinessPhoto.swift; sourceTree = "<group>"; };
		F6578F49268D032E00AC25CE /* BusinessPhoto.xib */ = {isa = PBXFileReference; lastKnownFileType = file.xib; path = BusinessPhoto.xib; sourceTree = "<group>"; };
		F65B06A2266C360F00616BD9 /* BandDetailViewController.swift */ = {isa = PBXFileReference; lastKnownFileType = sourcecode.swift; path = BandDetailViewController.swift; sourceTree = "<group>"; };
		F65B06A7266C3EC300616BD9 /* ShowDetailViewController.swift */ = {isa = PBXFileReference; lastKnownFileType = sourcecode.swift; path = ShowDetailViewController.swift; sourceTree = "<group>"; };
		F65B06AC266C95AF00616BD9 /* Helper.swift */ = {isa = PBXFileReference; lastKnownFileType = sourcecode.swift; path = Helper.swift; sourceTree = "<group>"; };
		F6A2D74D2656F05900C50456 /* MainViewController.swift */ = {isa = PBXFileReference; lastKnownFileType = sourcecode.swift; path = MainViewController.swift; sourceTree = "<group>"; };
		F6A2D74E2656F05900C50456 /* MainViewController.xib */ = {isa = PBXFileReference; lastKnownFileType = file.xib; path = MainViewController.xib; sourceTree = "<group>"; };
		F6C31F512656E57B004A1BB2 /* Ohmicity Backend.app */ = {isa = PBXFileReference; explicitFileType = wrapper.application; includeInIndex = 0; path = "Ohmicity Backend.app"; sourceTree = BUILT_PRODUCTS_DIR; };
		F6C31F542656E57B004A1BB2 /* AppDelegate.swift */ = {isa = PBXFileReference; lastKnownFileType = sourcecode.swift; path = AppDelegate.swift; sourceTree = "<group>"; };
		F6C31F582656E57B004A1BB2 /* Assets.xcassets */ = {isa = PBXFileReference; lastKnownFileType = folder.assetcatalog; path = Assets.xcassets; sourceTree = "<group>"; };
		F6C31F5B2656E57B004A1BB2 /* Base */ = {isa = PBXFileReference; lastKnownFileType = file.storyboard; name = Base; path = Base.lproj/Main.storyboard; sourceTree = "<group>"; };
		F6C31F5D2656E57B004A1BB2 /* Info.plist */ = {isa = PBXFileReference; lastKnownFileType = text.plist.xml; path = Info.plist; sourceTree = "<group>"; };
		F6C31F5E2656E57B004A1BB2 /* Ohmicity_Backend.entitlements */ = {isa = PBXFileReference; lastKnownFileType = text.plist.entitlements; path = Ohmicity_Backend.entitlements; sourceTree = "<group>"; };
		F6C5930B26585F1A000E0245 /* ParseDataController.swift */ = {isa = PBXFileReference; lastKnownFileType = sourcecode.swift; path = ParseDataController.swift; sourceTree = "<group>"; };
		F6D80C43266AF93200A18ED2 /* Band.swift */ = {isa = PBXFileReference; lastKnownFileType = sourcecode.swift; path = Band.swift; sourceTree = "<group>"; };
		F6D80C4A266B0FEF00A18ED2 /* Show.swift */ = {isa = PBXFileReference; lastKnownFileType = sourcecode.swift; path = Show.swift; sourceTree = "<group>"; };
		F6F11E8B267FEAFD00E6368A /* Podfile */ = {isa = PBXFileReference; fileEncoding = 4; lastKnownFileType = text; path = Podfile; sourceTree = SOURCE_ROOT; };
/* End PBXFileReference section */

/* Begin PBXFrameworksBuildPhase section */
		F6C31F4E2656E57B004A1BB2 /* Frameworks */ = {
			isa = PBXFrameworksBuildPhase;
			buildActionMask = 2147483647;
			files = (
				C83EE2F6A3B334C43E8F01FA /* libPods-Ohmicity Backend.a in Frameworks */,
			);
			runOnlyForDeploymentPostprocessing = 0;
		};
/* End PBXFrameworksBuildPhase section */

/* Begin PBXGroup section */
		D85AC756267BB03300CEA95B /* Helpers */ = {
			isa = PBXGroup;
			children = (
				F65B06AC266C95AF00616BD9 /* Helper.swift */,
				D85AC753267BB02B00CEA95B /* RemoteDataController.swift */,
				D85F3D1C267CF2FC001BCFCA /* FireStoreReferenceManager.swift */,
				F610AA3E26699EE700EC2E8A /* LocalDataStorageController.swift */,
				F6C5930B26585F1A000E0245 /* ParseDataController.swift */,
				D83B32CC267A5D800065948E /* ImageController.swift */,
			);
			path = Helpers;
			sourceTree = "<group>";
		};
		E37BEE45EFF370F6F9D4F8E1 /* Pods */ = {
			isa = PBXGroup;
			children = (
				74DF8D66E225A721CD277204 /* Pods-Ohmicity Backend.debug.xcconfig */,
				D756B91D473B0E99A41EF7C5 /* Pods-Ohmicity Backend.release.xcconfig */,
			);
			path = Pods;
			sourceTree = "<group>";
		};
		F6292DD32656F2E000DAE6B5 /* Models */ = {
			isa = PBXGroup;
			children = (
				F630FC0626583E5A001D0DA6 /* RawJSON.swift */,
				D8092A0E26681C0000560A97 /* Venue.swift */,
				F6D80C4A266B0FEF00A18ED2 /* Show.swift */,
				F6D80C43266AF93200A18ED2 /* Band.swift */,
				D8092A1126682D4E00560A97 /* User.swift */,
			);
			path = Models;
			sourceTree = "<group>";
		};
		F6A2D7522656F06300C50456 /* Views */ = {
			isa = PBXGroup;
			children = (
				F6A2D74E2656F05900C50456 /* MainViewController.xib */,
				F6578F48268D032E00AC25CE /* BusinessPhoto.swift */,
				F6578F49268D032E00AC25CE /* BusinessPhoto.xib */,
			);
			path = Views;
			sourceTree = "<group>";
		};
		F6A2D7552656F09E00C50456 /* Controller */ = {
			isa = PBXGroup;
			children = (
				F6A2D74D2656F05900C50456 /* MainViewController.swift */,
				F610AA382669309100EC2E8A /* VenueDetailViewController.swift */,
				F65B06A7266C3EC300616BD9 /* ShowDetailViewController.swift */,
				F65B06A2266C360F00616BD9 /* BandDetailViewController.swift */,
			);
			path = Controller;
			sourceTree = "<group>";
		};
		F6A2D75D2656F1D500C50456 /* Images */ = {
			isa = PBXGroup;
			children = (
				F615064A268E67E200C4B808 /* Ohmicity Logo Banner.png */,
				F615064C268E680B00C4B808 /* 1200px-American_Heart_Association_Logo.svg.png */,
			);
			path = Images;
			sourceTree = "<group>";
		};
		F6C31F482656E57B004A1BB2 = {
			isa = PBXGroup;
			children = (
				F6292DD52656F58000DAE6B5 /* PythonTests.playground */,
				F6C31F532656E57B004A1BB2 /* Ohmicity Backend */,
				F6C31F522656E57B004A1BB2 /* Products */,
				E37BEE45EFF370F6F9D4F8E1 /* Pods */,
				FF53FD3FF9EF3DDEBE5143F7 /* Frameworks */,
			);
			sourceTree = "<group>";
		};
		F6C31F522656E57B004A1BB2 /* Products */ = {
			isa = PBXGroup;
			children = (
				F6C31F512656E57B004A1BB2 /* Ohmicity Backend.app */,
			);
			name = Products;
			sourceTree = "<group>";
		};
		F6C31F532656E57B004A1BB2 /* Ohmicity Backend */ = {
			isa = PBXGroup;
			children = (
				D85AC756267BB03300CEA95B /* Helpers */,
				F6292DD32656F2E000DAE6B5 /* Models */,
				F6A2D7522656F06300C50456 /* Views */,
				F6A2D7552656F09E00C50456 /* Controller */,
				F6F5C1B32656EB2C0003924A /* Assets */,
				F6C31F5A2656E57B004A1BB2 /* Main.storyboard */,
				F6C31F5E2656E57B004A1BB2 /* Ohmicity_Backend.entitlements */,
				F6C31F5D2656E57B004A1BB2 /* Info.plist */,
				F6F11E8B267FEAFD00E6368A /* Podfile */,
			);
			path = "Ohmicity Backend";
			sourceTree = "<group>";
		};
		F6F5C1B32656EB2C0003924A /* Assets */ = {
			isa = PBXGroup;
			children = (
				F655439E2689ABA300F823BA /* GoogleService-Info.plist */,
				F6A2D75D2656F1D500C50456 /* Images */,
				F6C31F582656E57B004A1BB2 /* Assets.xcassets */,
				F6C31F542656E57B004A1BB2 /* AppDelegate.swift */,
			);
			path = Assets;
			sourceTree = "<group>";
		};
		FF53FD3FF9EF3DDEBE5143F7 /* Frameworks */ = {
			isa = PBXGroup;
			children = (
				26ECA2BD6C3C38F1513A7428 /* libPods-Ohmicity Backend.a */,
			);
			name = Frameworks;
			sourceTree = "<group>";
		};
/* End PBXGroup section */

/* Begin PBXNativeTarget section */
		F6C31F502656E57B004A1BB2 /* Ohmicity Backend */ = {
			isa = PBXNativeTarget;
			buildConfigurationList = F6C31F612656E57B004A1BB2 /* Build configuration list for PBXNativeTarget "Ohmicity Backend" */;
			buildPhases = (
				0827E9CDEE7DE6AE7D05853E /* [CP] Check Pods Manifest.lock */,
				F6C31F4D2656E57B004A1BB2 /* Sources */,
				F6C31F4E2656E57B004A1BB2 /* Frameworks */,
				F6C31F4F2656E57B004A1BB2 /* Resources */,
				D851048F267BCBA1002365F6 /* Embed Frameworks */,
				E22ABA6FBB12713322C6D0AE /* [CP] Copy Pods Resources */,
			);
			buildRules = (
			);
			dependencies = (
			);
			name = "Ohmicity Backend";
			productName = "Ohmicity Backend";
			productReference = F6C31F512656E57B004A1BB2 /* Ohmicity Backend.app */;
			productType = "com.apple.product-type.application";
		};
/* End PBXNativeTarget section */

/* Begin PBXProject section */
		F6C31F492656E57B004A1BB2 /* Project object */ = {
			isa = PBXProject;
			attributes = {
				LastSwiftUpdateCheck = 1240;
				LastUpgradeCheck = 1240;
				TargetAttributes = {
					F6C31F502656E57B004A1BB2 = {
						CreatedOnToolsVersion = 12.4;
					};
				};
			};
			buildConfigurationList = F6C31F4C2656E57B004A1BB2 /* Build configuration list for PBXProject "Ohmicity Backend" */;
			compatibilityVersion = "Xcode 9.3";
			developmentRegion = en;
			hasScannedForEncodings = 0;
			knownRegions = (
				en,
				Base,
			);
			mainGroup = F6C31F482656E57B004A1BB2;
			productRefGroup = F6C31F522656E57B004A1BB2 /* Products */;
			projectDirPath = "";
			projectRoot = "";
			targets = (
				F6C31F502656E57B004A1BB2 /* Ohmicity Backend */,
			);
		};
/* End PBXProject section */

/* Begin PBXResourcesBuildPhase section */
		F6C31F4F2656E57B004A1BB2 /* Resources */ = {
			isa = PBXResourcesBuildPhase;
			buildActionMask = 2147483647;
			files = (
				F6F11E8C267FEAFD00E6368A /* Podfile in Resources */,
				F6C31F592656E57B004A1BB2 /* Assets.xcassets in Resources */,
				F6C31F5C2656E57B004A1BB2 /* Main.storyboard in Resources */,
				F6578F4B268D032E00AC25CE /* BusinessPhoto.xib in Resources */,
				F6A2D7502656F05900C50456 /* MainViewController.xib in Resources */,
				F615064B268E67E200C4B808 /* Ohmicity Logo Banner.png in Resources */,
				F615064D268E680B00C4B808 /* 1200px-American_Heart_Association_Logo.svg.png in Resources */,
				F655439F2689ABA300F823BA /* GoogleService-Info.plist in Resources */,
			);
			runOnlyForDeploymentPostprocessing = 0;
		};
/* End PBXResourcesBuildPhase section */

/* Begin PBXShellScriptBuildPhase section */
		0827E9CDEE7DE6AE7D05853E /* [CP] Check Pods Manifest.lock */ = {
			isa = PBXShellScriptBuildPhase;
			buildActionMask = 2147483647;
			files = (
			);
			inputFileListPaths = (
			);
			inputPaths = (
				"${PODS_PODFILE_DIR_PATH}/Podfile.lock",
				"${PODS_ROOT}/Manifest.lock",
			);
			name = "[CP] Check Pods Manifest.lock";
			outputFileListPaths = (
			);
			outputPaths = (
				"$(DERIVED_FILE_DIR)/Pods-Ohmicity Backend-checkManifestLockResult.txt",
			);
			runOnlyForDeploymentPostprocessing = 0;
			shellPath = /bin/sh;
			shellScript = "diff \"${PODS_PODFILE_DIR_PATH}/Podfile.lock\" \"${PODS_ROOT}/Manifest.lock\" > /dev/null\nif [ $? != 0 ] ; then\n    # print error to STDERR\n    echo \"error: The sandbox is not in sync with the Podfile.lock. Run 'pod install' or update your CocoaPods installation.\" >&2\n    exit 1\nfi\n# This output is used by Xcode 'outputs' to avoid re-running this script phase.\necho \"SUCCESS\" > \"${SCRIPT_OUTPUT_FILE_0}\"\n";
			showEnvVarsInLog = 0;
		};
		E22ABA6FBB12713322C6D0AE /* [CP] Copy Pods Resources */ = {
			isa = PBXShellScriptBuildPhase;
			buildActionMask = 2147483647;
			files = (
			);
			inputFileListPaths = (
				"${PODS_ROOT}/Target Support Files/Pods-Ohmicity Backend/Pods-Ohmicity Backend-resources-${CONFIGURATION}-input-files.xcfilelist",
			);
			name = "[CP] Copy Pods Resources";
			outputFileListPaths = (
				"${PODS_ROOT}/Target Support Files/Pods-Ohmicity Backend/Pods-Ohmicity Backend-resources-${CONFIGURATION}-output-files.xcfilelist",
			);
			runOnlyForDeploymentPostprocessing = 0;
			shellPath = /bin/sh;
			shellScript = "\"${PODS_ROOT}/Target Support Files/Pods-Ohmicity Backend/Pods-Ohmicity Backend-resources.sh\"\n";
			showEnvVarsInLog = 0;
		};
/* End PBXShellScriptBuildPhase section */

/* Begin PBXSourcesBuildPhase section */
		F6C31F4D2656E57B004A1BB2 /* Sources */ = {
			isa = PBXSourcesBuildPhase;
			buildActionMask = 2147483647;
			files = (
				F6D80C44266AF93200A18ED2 /* Band.swift in Sources */,
				F65B06AD266C95AF00616BD9 /* Helper.swift in Sources */,
				F6A2D74F2656F05900C50456 /* MainViewController.swift in Sources */,
				D8092A0F26681C0000560A97 /* Venue.swift in Sources */,
				D85AC754267BB02B00CEA95B /* RemoteDataController.swift in Sources */,
				F65B06A9266C3EC300616BD9 /* ShowDetailViewController.swift in Sources */,
				D8092A1226682D4E00560A97 /* User.swift in Sources */,
				D85F3D1D267CF2FC001BCFCA /* FireStoreReferenceManager.swift in Sources */,
				F65B06A4266C360F00616BD9 /* BandDetailViewController.swift in Sources */,
				D83B32CD267A5D800065948E /* ImageController.swift in Sources */,
				F610AA3F26699EE700EC2E8A /* LocalDataStorageController.swift in Sources */,
				F630FC0726583E5A001D0DA6 /* RawJSON.swift in Sources */,
				F610AA3A2669309100EC2E8A /* VenueDetailViewController.swift in Sources */,
				F6C5930C26585F1A000E0245 /* ParseDataController.swift in Sources */,
				F6578F4A268D032E00AC25CE /* BusinessPhoto.swift in Sources */,
				F6C31F552656E57B004A1BB2 /* AppDelegate.swift in Sources */,
				F6D80C4B266B0FEF00A18ED2 /* Show.swift in Sources */,
			);
			runOnlyForDeploymentPostprocessing = 0;
		};
/* End PBXSourcesBuildPhase section */

/* Begin PBXVariantGroup section */
		F6C31F5A2656E57B004A1BB2 /* Main.storyboard */ = {
			isa = PBXVariantGroup;
			children = (
				F6C31F5B2656E57B004A1BB2 /* Base */,
			);
			name = Main.storyboard;
			sourceTree = "<group>";
		};
/* End PBXVariantGroup section */

/* Begin XCBuildConfiguration section */
		F6C31F5F2656E57B004A1BB2 /* Debug */ = {
			isa = XCBuildConfiguration;
			buildSettings = {
				ALWAYS_SEARCH_USER_PATHS = NO;
				CLANG_ANALYZER_NONNULL = YES;
				CLANG_ANALYZER_NUMBER_OBJECT_CONVERSION = YES_AGGRESSIVE;
				CLANG_CXX_LANGUAGE_STANDARD = "gnu++14";
				CLANG_CXX_LIBRARY = "libc++";
				CLANG_ENABLE_MODULES = YES;
				CLANG_ENABLE_OBJC_ARC = YES;
				CLANG_ENABLE_OBJC_WEAK = YES;
				CLANG_WARN_BLOCK_CAPTURE_AUTORELEASING = YES;
				CLANG_WARN_BOOL_CONVERSION = YES;
				CLANG_WARN_COMMA = YES;
				CLANG_WARN_CONSTANT_CONVERSION = YES;
				CLANG_WARN_DEPRECATED_OBJC_IMPLEMENTATIONS = YES;
				CLANG_WARN_DIRECT_OBJC_ISA_USAGE = YES_ERROR;
				CLANG_WARN_DOCUMENTATION_COMMENTS = YES;
				CLANG_WARN_EMPTY_BODY = YES;
				CLANG_WARN_ENUM_CONVERSION = YES;
				CLANG_WARN_INFINITE_RECURSION = YES;
				CLANG_WARN_INT_CONVERSION = YES;
				CLANG_WARN_NON_LITERAL_NULL_CONVERSION = YES;
				CLANG_WARN_OBJC_IMPLICIT_RETAIN_SELF = YES;
				CLANG_WARN_OBJC_LITERAL_CONVERSION = YES;
				CLANG_WARN_OBJC_ROOT_CLASS = YES_ERROR;
				CLANG_WARN_QUOTED_INCLUDE_IN_FRAMEWORK_HEADER = YES;
				CLANG_WARN_RANGE_LOOP_ANALYSIS = YES;
				CLANG_WARN_STRICT_PROTOTYPES = YES;
				CLANG_WARN_SUSPICIOUS_MOVE = YES;
				CLANG_WARN_UNGUARDED_AVAILABILITY = YES_AGGRESSIVE;
				CLANG_WARN_UNREACHABLE_CODE = YES;
				CLANG_WARN__DUPLICATE_METHOD_MATCH = YES;
				COPY_PHASE_STRIP = NO;
				DEBUG_INFORMATION_FORMAT = dwarf;
				ENABLE_STRICT_OBJC_MSGSEND = YES;
				ENABLE_TESTABILITY = YES;
				GCC_C_LANGUAGE_STANDARD = gnu11;
				GCC_DYNAMIC_NO_PIC = NO;
				GCC_NO_COMMON_BLOCKS = YES;
				GCC_OPTIMIZATION_LEVEL = 0;
				GCC_PREPROCESSOR_DEFINITIONS = (
					"DEBUG=1",
					"$(inherited)",
				);
				GCC_WARN_64_TO_32_BIT_CONVERSION = YES;
				GCC_WARN_ABOUT_RETURN_TYPE = YES_ERROR;
				GCC_WARN_UNDECLARED_SELECTOR = YES;
				GCC_WARN_UNINITIALIZED_AUTOS = YES_AGGRESSIVE;
				GCC_WARN_UNUSED_FUNCTION = YES;
				GCC_WARN_UNUSED_VARIABLE = YES;
				MACOSX_DEPLOYMENT_TARGET = 11.0;
				MTL_ENABLE_DEBUG_INFO = INCLUDE_SOURCE;
				MTL_FAST_MATH = YES;
				ONLY_ACTIVE_ARCH = YES;
				SDKROOT = macosx;
				SWIFT_ACTIVE_COMPILATION_CONDITIONS = DEBUG;
				SWIFT_OPTIMIZATION_LEVEL = "-Onone";
			};
			name = Debug;
		};
		F6C31F602656E57B004A1BB2 /* Release */ = {
			isa = XCBuildConfiguration;
			buildSettings = {
				ALWAYS_SEARCH_USER_PATHS = NO;
				CLANG_ANALYZER_NONNULL = YES;
				CLANG_ANALYZER_NUMBER_OBJECT_CONVERSION = YES_AGGRESSIVE;
				CLANG_CXX_LANGUAGE_STANDARD = "gnu++14";
				CLANG_CXX_LIBRARY = "libc++";
				CLANG_ENABLE_MODULES = YES;
				CLANG_ENABLE_OBJC_ARC = YES;
				CLANG_ENABLE_OBJC_WEAK = YES;
				CLANG_WARN_BLOCK_CAPTURE_AUTORELEASING = YES;
				CLANG_WARN_BOOL_CONVERSION = YES;
				CLANG_WARN_COMMA = YES;
				CLANG_WARN_CONSTANT_CONVERSION = YES;
				CLANG_WARN_DEPRECATED_OBJC_IMPLEMENTATIONS = YES;
				CLANG_WARN_DIRECT_OBJC_ISA_USAGE = YES_ERROR;
				CLANG_WARN_DOCUMENTATION_COMMENTS = YES;
				CLANG_WARN_EMPTY_BODY = YES;
				CLANG_WARN_ENUM_CONVERSION = YES;
				CLANG_WARN_INFINITE_RECURSION = YES;
				CLANG_WARN_INT_CONVERSION = YES;
				CLANG_WARN_NON_LITERAL_NULL_CONVERSION = YES;
				CLANG_WARN_OBJC_IMPLICIT_RETAIN_SELF = YES;
				CLANG_WARN_OBJC_LITERAL_CONVERSION = YES;
				CLANG_WARN_OBJC_ROOT_CLASS = YES_ERROR;
				CLANG_WARN_QUOTED_INCLUDE_IN_FRAMEWORK_HEADER = YES;
				CLANG_WARN_RANGE_LOOP_ANALYSIS = YES;
				CLANG_WARN_STRICT_PROTOTYPES = YES;
				CLANG_WARN_SUSPICIOUS_MOVE = YES;
				CLANG_WARN_UNGUARDED_AVAILABILITY = YES_AGGRESSIVE;
				CLANG_WARN_UNREACHABLE_CODE = YES;
				CLANG_WARN__DUPLICATE_METHOD_MATCH = YES;
				COPY_PHASE_STRIP = NO;
				DEBUG_INFORMATION_FORMAT = "dwarf-with-dsym";
				ENABLE_NS_ASSERTIONS = NO;
				ENABLE_STRICT_OBJC_MSGSEND = YES;
				GCC_C_LANGUAGE_STANDARD = gnu11;
				GCC_NO_COMMON_BLOCKS = YES;
				GCC_WARN_64_TO_32_BIT_CONVERSION = YES;
				GCC_WARN_ABOUT_RETURN_TYPE = YES_ERROR;
				GCC_WARN_UNDECLARED_SELECTOR = YES;
				GCC_WARN_UNINITIALIZED_AUTOS = YES_AGGRESSIVE;
				GCC_WARN_UNUSED_FUNCTION = YES;
				GCC_WARN_UNUSED_VARIABLE = YES;
				MACOSX_DEPLOYMENT_TARGET = 11.0;
				MTL_ENABLE_DEBUG_INFO = NO;
				MTL_FAST_MATH = YES;
				SDKROOT = macosx;
				SWIFT_COMPILATION_MODE = wholemodule;
				SWIFT_OPTIMIZATION_LEVEL = "-O";
			};
			name = Release;
		};
		F6C31F622656E57B004A1BB2 /* Debug */ = {
			isa = XCBuildConfiguration;
			baseConfigurationReference = 74DF8D66E225A721CD277204 /* Pods-Ohmicity Backend.debug.xcconfig */;
			buildSettings = {
				ASSETCATALOG_COMPILER_APPICON_NAME = AppIcon;
				ASSETCATALOG_COMPILER_GLOBAL_ACCENT_COLOR_NAME = AccentColor;
				CODE_SIGN_ENTITLEMENTS = "Ohmicity Backend/Ohmicity_Backend.entitlements";
				CODE_SIGN_IDENTITY = "Apple Development";
				CODE_SIGN_STYLE = Automatic;
				COMBINE_HIDPI_IMAGES = YES;
				DEVELOPMENT_TEAM = 8492LT54LT;
				ENABLE_HARDENED_RUNTIME = YES;
				INFOPLIST_FILE = "Ohmicity Backend/Info.plist";
				LD_RUNPATH_SEARCH_PATHS = (
					"$(inherited)",
					"@executable_path/../Frameworks",
				);
				MACOSX_DEPLOYMENT_TARGET = 11.0;
				PRODUCT_BUNDLE_IDENTIFIER = "com.nathanhedgeman.Ohmicity-Backend";
				PRODUCT_NAME = "$(TARGET_NAME)";
				PROVISIONING_PROFILE_SPECIFIER = "";
				SWIFT_VERSION = 5.0;
			};
			name = Debug;
		};
		F6C31F632656E57B004A1BB2 /* Release */ = {
			isa = XCBuildConfiguration;
			baseConfigurationReference = D756B91D473B0E99A41EF7C5 /* Pods-Ohmicity Backend.release.xcconfig */;
			buildSettings = {
				ASSETCATALOG_COMPILER_APPICON_NAME = AppIcon;
				ASSETCATALOG_COMPILER_GLOBAL_ACCENT_COLOR_NAME = AccentColor;
				CODE_SIGN_ENTITLEMENTS = "Ohmicity Backend/Ohmicity_Backend.entitlements";
				CODE_SIGN_IDENTITY = "Apple Development";
				CODE_SIGN_STYLE = Automatic;
				COMBINE_HIDPI_IMAGES = YES;
				DEVELOPMENT_TEAM = 8492LT54LT;
				ENABLE_HARDENED_RUNTIME = YES;
				INFOPLIST_FILE = "Ohmicity Backend/Info.plist";
				LD_RUNPATH_SEARCH_PATHS = (
					"$(inherited)",
					"@executable_path/../Frameworks",
				);
				MACOSX_DEPLOYMENT_TARGET = 11.0;
				PRODUCT_BUNDLE_IDENTIFIER = "com.nathanhedgeman.Ohmicity-Backend";
				PRODUCT_NAME = "$(TARGET_NAME)";
				PROVISIONING_PROFILE_SPECIFIER = "";
				SWIFT_VERSION = 5.0;
			};
			name = Release;
		};
/* End XCBuildConfiguration section */

/* Begin XCConfigurationList section */
		F6C31F4C2656E57B004A1BB2 /* Build configuration list for PBXProject "Ohmicity Backend" */ = {
			isa = XCConfigurationList;
			buildConfigurations = (
				F6C31F5F2656E57B004A1BB2 /* Debug */,
				F6C31F602656E57B004A1BB2 /* Release */,
			);
			defaultConfigurationIsVisible = 0;
			defaultConfigurationName = Release;
		};
		F6C31F612656E57B004A1BB2 /* Build configuration list for PBXNativeTarget "Ohmicity Backend" */ = {
			isa = XCConfigurationList;
			buildConfigurations = (
				F6C31F622656E57B004A1BB2 /* Debug */,
				F6C31F632656E57B004A1BB2 /* Release */,
			);
			defaultConfigurationIsVisible = 0;
			defaultConfigurationName = Release;
		};
/* End XCConfigurationList section */
	};
	rootObject = F6C31F492656E57B004A1BB2 /* Project object */;
}
